[[package]]
name = "adaptive"
version = "0.11.1"
description = "Parallel active learning of mathematical functions"
category = "main"
optional = false
python-versions = ">=3.6"

[package.dependencies]
atomicwrites = "*"
scipy = "*"
sortedcollections = ">=1.1"
sortedcontainers = ">=2.0"

[package.extras]
notebook = ["ipython", "ipykernel (>=4.8.0)", "jupyter-client (>=5.2.2)", "holoviews (>=1.9.1)", "ipywidgets", "bokeh", "matplotlib", "plotly"]
other = ["cloudpickle", "dill", "distributed", "ipyparallel (>=6.2.5)", "loky", "scikit-optimize", "scikit-learn (<=0.23.1)", "pexpect"]
testing = ["flaky", "pytest", "pytest-cov", "pytest-randomly", "pytest-timeout", "pre-commit"]

[[package]]
name = "appdirs"
version = "1.4.4"
description = "A small Python module for determining appropriate platform-specific dirs, e.g. a \"user data dir\"."
category = "dev"
optional = false
python-versions = "*"

[[package]]
name = "appnope"
version = "0.1.2"
description = "Disable App Nap on macOS >= 10.9"
category = "main"
optional = false
python-versions = "*"

[[package]]
name = "argon2-cffi"
version = "20.1.0"
description = "The secure Argon2 password hashing algorithm."
category = "dev"
optional = false
python-versions = "*"

[package.dependencies]
cffi = ">=1.0.0"
six = "*"

[package.extras]
dev = ["coverage[toml] (>=5.0.2)", "hypothesis", "pytest", "sphinx", "wheel", "pre-commit"]
docs = ["sphinx"]
tests = ["coverage[toml] (>=5.0.2)", "hypothesis", "pytest"]

[[package]]
name = "async-generator"
version = "1.10"
description = "Async generators and context managers for Python 3.5+"
category = "dev"
optional = false
python-versions = ">=3.5"

[[package]]
name = "atomicwrites"
version = "1.4.0"
description = "Atomic file writes."
category = "main"
optional = false
python-versions = ">=2.7, !=3.0.*, !=3.1.*, !=3.2.*, !=3.3.*"

[[package]]
name = "attrs"
version = "20.3.0"
description = "Classes Without Boilerplate"
category = "dev"
optional = false
python-versions = ">=2.7, !=3.0.*, !=3.1.*, !=3.2.*, !=3.3.*"

[package.extras]
dev = ["coverage[toml] (>=5.0.2)", "hypothesis", "pympler", "pytest (>=4.3.0)", "six", "zope.interface", "furo", "sphinx", "pre-commit"]
docs = ["furo", "sphinx", "zope.interface"]
tests = ["coverage[toml] (>=5.0.2)", "hypothesis", "pympler", "pytest (>=4.3.0)", "six", "zope.interface"]
tests_no_zope = ["coverage[toml] (>=5.0.2)", "hypothesis", "pympler", "pytest (>=4.3.0)", "six"]

[[package]]
name = "backcall"
version = "0.2.0"
description = "Specifications for callback functions passed in to an API"
category = "main"
optional = false
python-versions = "*"

[[package]]
name = "black"
version = "20.8b1"
description = "The uncompromising code formatter."
category = "dev"
optional = false
python-versions = ">=3.6"

[package.dependencies]
appdirs = "*"
click = ">=7.1.2"
mypy-extensions = ">=0.4.3"
pathspec = ">=0.6,<1"
regex = ">=2020.1.8"
toml = ">=0.10.1"
typed-ast = ">=1.4.0"
typing-extensions = ">=3.7.4"

[package.extras]
colorama = ["colorama (>=0.4.3)"]
d = ["aiohttp (>=3.3.2)", "aiohttp-cors"]

[[package]]
name = "bleach"
version = "3.3.0"
description = "An easy safelist-based HTML-sanitizing tool."
category = "dev"
optional = false
python-versions = ">=2.7, !=3.0.*, !=3.1.*, !=3.2.*, !=3.3.*, !=3.4.*"

[package.dependencies]
packaging = "*"
six = ">=1.9.0"
webencodings = "*"

[[package]]
name = "certifi"
version = "2020.12.5"
description = "Python package for providing Mozilla's CA Bundle."
category = "main"
optional = false
python-versions = "*"

[[package]]
name = "cffi"
version = "1.14.4"
description = "Foreign Function Interface for Python calling C code."
category = "dev"
optional = false
python-versions = "*"

[package.dependencies]
pycparser = "*"

[[package]]
name = "chardet"
version = "4.0.0"
description = "Universal encoding detector for Python 2 and 3"
category = "main"
optional = false
python-versions = ">=2.7, !=3.0.*, !=3.1.*, !=3.2.*, !=3.3.*, !=3.4.*"

[[package]]
name = "click"
version = "7.1.2"
description = "Composable command line interface toolkit"
category = "dev"
optional = false
python-versions = ">=2.7, !=3.0.*, !=3.1.*, !=3.2.*, !=3.3.*, !=3.4.*"

[[package]]
name = "colorama"
version = "0.4.4"
description = "Cross-platform colored terminal text."
category = "main"
optional = false
python-versions = ">=2.7, !=3.0.*, !=3.1.*, !=3.2.*, !=3.3.*, !=3.4.*"

[[package]]
name = "coverage"
version = "5.4"
description = "Code coverage measurement for Python"
category = "dev"
optional = false
python-versions = ">=2.7, !=3.0.*, !=3.1.*, !=3.2.*, !=3.3.*, !=3.4.*, <4"

[package.extras]
toml = ["toml"]

[[package]]
name = "cycler"
version = "0.10.0"
description = "Composable style cycles"
category = "main"
optional = false
python-versions = "*"

[package.dependencies]
six = "*"

[[package]]
name = "dask"
version = "2021.2.0"
description = "Parallel PyData with Task Scheduling"
category = "main"
optional = false
python-versions = ">=3.6"

[package.dependencies]
pyyaml = "*"

[package.extras]
array = ["numpy (>=1.15.1)", "toolz (>=0.8.2)"]
bag = ["cloudpickle (>=0.2.2)", "fsspec (>=0.6.0)", "toolz (>=0.8.2)", "partd (>=0.3.10)"]
complete = ["bokeh (>=1.0.0,!=2.0.0)", "cloudpickle (>=0.2.2)", "distributed (>=2.0)", "fsspec (>=0.6.0)", "numpy (>=1.15.1)", "pandas (>=0.25.0)", "partd (>=0.3.10)", "toolz (>=0.8.2)"]
dataframe = ["numpy (>=1.15.1)", "pandas (>=0.25.0)", "toolz (>=0.8.2)", "partd (>=0.3.10)", "fsspec (>=0.6.0)"]
delayed = ["cloudpickle (>=0.2.2)", "toolz (>=0.8.2)"]
diagnostics = ["bokeh (>=1.0.0,!=2.0.0)"]
distributed = ["distributed (>=2.0)"]

[[package]]
name = "decorator"
version = "4.4.2"
description = "Decorators for Humans"
category = "main"
optional = false
python-versions = ">=2.6, !=3.0.*, !=3.1.*"

[[package]]
name = "deepdish"
version = "0.3.6"
description = "Deep Learning experiments from University of Chicago."
category = "main"
optional = false
python-versions = "*"

[package.dependencies]
numpy = "*"
scipy = "*"
tables = "*"

[package.extras]
image = ["skimage"]

[[package]]
name = "defusedxml"
version = "0.6.0"
description = "XML bomb protection for Python stdlib modules"
category = "dev"
optional = false
python-versions = ">=2.7, !=3.0.*, !=3.1.*, !=3.2.*, !=3.3.*, !=3.4.*"

[[package]]
name = "entrypoints"
version = "0.3"
description = "Discover and load entry points from installed packages."
category = "dev"
optional = false
python-versions = ">=2.7"

[[package]]
name = "gitdb"
version = "4.0.5"
description = "Git Object Database"
category = "dev"
optional = false
python-versions = ">=3.4"

[package.dependencies]
smmap = ">=3.0.1,<4"

[[package]]
name = "gitpython"
version = "3.1.13"
description = "Python Git Library"
category = "dev"
optional = false
python-versions = ">=3.4"

[package.dependencies]
gitdb = ">=4.0.1,<5"

[[package]]
name = "h5netcdf"
version = "0.9.0"
description = "netCDF4 via h5py"
category = "main"
optional = false
python-versions = ">=3.6"

[package.dependencies]
h5py = "*"

[[package]]
name = "h5py"
version = "2.10.0"
description = "Read and write HDF5 files from Python"
category = "main"
optional = false
python-versions = "*"

[package.dependencies]
numpy = ">=1.7"
six = "*"

[[package]]
name = "idna"
version = "2.10"
description = "Internationalized Domain Names in Applications (IDNA)"
category = "main"
optional = false
python-versions = ">=2.7, !=3.0.*, !=3.1.*, !=3.2.*, !=3.3.*"

[[package]]
name = "imageio"
version = "2.9.0"
description = "Library for reading and writing a wide range of image, video, scientific, and volumetric data formats."
category = "main"
optional = false
python-versions = ">=3.5"

[package.dependencies]
numpy = "*"
pillow = "*"

[package.extras]
ffmpeg = ["imageio-ffmpeg"]
fits = ["astropy"]
full = ["astropy", "gdal", "imageio-ffmpeg", "itk"]
gdal = ["gdal"]
itk = ["itk"]

[[package]]
name = "iniconfig"
version = "1.1.1"
description = "iniconfig: brain-dead simple config-ini parsing"
category = "dev"
optional = false
python-versions = "*"

[[package]]
name = "ipykernel"
version = "5.4.3"
description = "IPython Kernel for Jupyter"
category = "dev"
optional = false
python-versions = ">=3.5"

[package.dependencies]
appnope = {version = "*", markers = "platform_system == \"Darwin\""}
ipython = ">=5.0.0"
jupyter-client = "*"
tornado = ">=4.2"
traitlets = ">=4.1.0"

[package.extras]
test = ["pytest (!=5.3.4)", "pytest-cov", "flaky", "nose", "jedi (<=0.17.2)"]

[[package]]
name = "ipython"
version = "7.20.0"
description = "IPython: Productive Interactive Computing"
category = "main"
optional = false
python-versions = ">=3.7"

[package.dependencies]
appnope = {version = "*", markers = "sys_platform == \"darwin\""}
backcall = "*"
colorama = {version = "*", markers = "sys_platform == \"win32\""}
decorator = "*"
jedi = ">=0.16"
pexpect = {version = ">4.3", markers = "sys_platform != \"win32\""}
pickleshare = "*"
prompt-toolkit = ">=2.0.0,<3.0.0 || >3.0.0,<3.0.1 || >3.0.1,<3.1.0"
pygments = "*"
traitlets = ">=4.2"

[package.extras]
all = ["Sphinx (>=1.3)", "ipykernel", "ipyparallel", "ipywidgets", "nbconvert", "nbformat", "nose (>=0.10.1)", "notebook", "numpy (>=1.14)", "pygments", "qtconsole", "requests", "testpath"]
doc = ["Sphinx (>=1.3)"]
kernel = ["ipykernel"]
nbconvert = ["nbconvert"]
nbformat = ["nbformat"]
notebook = ["notebook", "ipywidgets"]
parallel = ["ipyparallel"]
qtconsole = ["qtconsole"]
test = ["nose (>=0.10.1)", "requests", "testpath", "pygments", "nbformat", "ipykernel", "numpy (>=1.14)"]

[[package]]
name = "ipython-genutils"
version = "0.2.0"
description = "Vestigial utilities from IPython"
category = "main"
optional = false
python-versions = "*"

[[package]]
name = "ipywidgets"
version = "7.6.3"
description = "IPython HTML widgets for Jupyter"
category = "dev"
optional = false
python-versions = "*"

[package.dependencies]
ipykernel = ">=4.5.1"
ipython = {version = ">=4.0.0", markers = "python_version >= \"3.3\""}
jupyterlab-widgets = {version = ">=1.0.0", markers = "python_version >= \"3.6\""}
nbformat = ">=4.2.0"
traitlets = ">=4.3.1"
widgetsnbextension = ">=3.5.0,<3.6.0"

[package.extras]
test = ["pytest (>=3.6.0)", "pytest-cov", "mock"]

[[package]]
name = "jedi"
version = "0.17.2"
description = "An autocompletion tool for Python that can be used for text editors."
category = "main"
optional = false
python-versions = ">=2.7, !=3.0.*, !=3.1.*, !=3.2.*, !=3.3.*, !=3.4.*"

[package.dependencies]
parso = ">=0.7.0,<0.8.0"

[package.extras]
qa = ["flake8 (==3.7.9)"]
testing = ["Django (<3.1)", "colorama", "docopt", "pytest (>=3.9.0,<5.0.0)"]

[[package]]
name = "jinja2"
version = "2.11.3"
description = "A very fast and expressive template engine."
category = "dev"
optional = false
python-versions = ">=2.7, !=3.0.*, !=3.1.*, !=3.2.*, !=3.3.*, !=3.4.*"

[package.dependencies]
MarkupSafe = ">=0.23"

[package.extras]
i18n = ["Babel (>=0.8)"]

[[package]]
name = "joblib"
version = "1.0.1"
description = "Lightweight pipelining with Python functions"
category = "main"
optional = false
python-versions = ">=3.6"

[[package]]
name = "json5"
version = "0.9.5"
description = "A Python implementation of the JSON5 data format."
category = "dev"
optional = false
python-versions = "*"

[package.extras]
dev = ["hypothesis"]

[[package]]
name = "jsonschema"
version = "3.2.0"
description = "An implementation of JSON Schema validation for Python"
category = "dev"
optional = false
python-versions = "*"

[package.dependencies]
attrs = ">=17.4.0"
pyrsistent = ">=0.14.0"
six = ">=1.11.0"

[package.extras]
format = ["idna", "jsonpointer (>1.13)", "rfc3987", "strict-rfc3339", "webcolors"]
format_nongpl = ["idna", "jsonpointer (>1.13)", "webcolors", "rfc3986-validator (>0.1.0)", "rfc3339-validator"]

[[package]]
name = "jupyter-client"
version = "6.1.11"
description = "Jupyter protocol implementation and client libraries"
category = "dev"
optional = false
python-versions = ">=3.5"

[package.dependencies]
jupyter-core = ">=4.6.0"
python-dateutil = ">=2.1"
pyzmq = ">=13"
tornado = ">=4.1"
traitlets = "*"

[package.extras]
doc = ["sphinx (>=1.3.6)", "sphinx-rtd-theme", "sphinxcontrib-github-alt"]
test = ["jedi (<=0.17.2)", "ipykernel", "ipython", "mock", "pytest", "pytest-asyncio", "async-generator", "pytest-timeout"]

[[package]]
name = "jupyter-core"
version = "4.7.1"
description = "Jupyter core package. A base package on which Jupyter projects rely."
category = "dev"
optional = false
python-versions = ">=3.6"

[package.dependencies]
pywin32 = {version = ">=1.0", markers = "sys_platform == \"win32\""}
traitlets = "*"

[[package]]
name = "jupyterlab"
version = "2.2.9"
description = "The JupyterLab notebook server extension."
category = "dev"
optional = false
python-versions = ">=3.5"

[package.dependencies]
jinja2 = ">=2.10"
jupyterlab-server = ">=1.1.5,<2.0"
notebook = ">=4.3.1"
tornado = "<6.0.0 || >6.0.0,<6.0.1 || >6.0.1,<6.0.2 || >6.0.2"

[package.extras]
docs = ["jsx-lexer", "recommonmark", "sphinx", "sphinx-rtd-theme", "sphinx-copybutton"]
test = ["pytest", "pytest-check-links", "requests", "wheel", "virtualenv"]

[[package]]
name = "jupyterlab-pygments"
version = "0.1.2"
description = "Pygments theme using JupyterLab CSS variables"
category = "dev"
optional = false
python-versions = "*"

[package.dependencies]
pygments = ">=2.4.1,<3"

[[package]]
name = "jupyterlab-server"
version = "1.2.0"
description = "JupyterLab Server"
category = "dev"
optional = false
python-versions = ">=3.5"

[package.dependencies]
jinja2 = ">=2.10"
json5 = "*"
jsonschema = ">=3.0.1"
notebook = ">=4.2.0"
requests = "*"

[package.extras]
test = ["pytest", "requests"]

[[package]]
name = "jupyterlab-widgets"
version = "1.0.0"
description = "A JupyterLab extension."
category = "dev"
optional = false
python-versions = ">=3.6"

[[package]]
name = "kiwisolver"
version = "1.3.1"
description = "A fast implementation of the Cassowary constraint solver"
category = "main"
optional = false
python-versions = ">=3.6"

[[package]]
name = "line-profiler"
version = "3.1.0"
description = "Line-by-line profiler."
category = "dev"
optional = false
python-versions = "*"

[package.dependencies]
IPython = "*"

[package.extras]
all = ["ipython", "cython", "scikit-build", "cmake", "ninja", "pytest", "pytest-cov", "coverage", "codecov", "ubelt"]
build = ["cython", "scikit-build", "cmake", "ninja"]
tests = ["pytest", "pytest-cov", "coverage", "codecov", "ubelt"]

[[package]]
name = "llvmlite"
version = "0.34.0"
description = "lightweight wrapper around basic LLVM functionality"
category = "main"
optional = false
python-versions = ">=3.6"

[[package]]
name = "markupsafe"
version = "1.1.1"
description = "Safely add untrusted strings to HTML/XML markup."
category = "dev"
optional = false
python-versions = ">=2.7,!=3.0.*,!=3.1.*,!=3.2.*,!=3.3.*"

[[package]]
name = "matplotlib"
version = "3.3.4"
description = "Python plotting package"
category = "main"
optional = false
python-versions = ">=3.6"

[package.dependencies]
cycler = ">=0.10"
kiwisolver = ">=1.0.1"
numpy = ">=1.15"
pillow = ">=6.2.0"
pyparsing = ">=2.0.3,<2.0.4 || >2.0.4,<2.1.2 || >2.1.2,<2.1.6 || >2.1.6"
python-dateutil = ">=2.1"

[[package]]
name = "mistune"
version = "0.8.4"
description = "The fastest markdown parser in pure Python"
category = "dev"
optional = false
python-versions = "*"

[[package]]
name = "mypy-extensions"
version = "0.4.3"
description = "Experimental type system extensions for programs checked with the mypy typechecker."
category = "dev"
optional = false
python-versions = "*"

[[package]]
name = "nbclient"
version = "0.5.2"
description = "A client library for executing notebooks. Formerly nbconvert's ExecutePreprocessor."
category = "dev"
optional = false
python-versions = ">=3.6.1"

[package.dependencies]
async-generator = "*"
jupyter-client = ">=6.1.5"
nbformat = ">=5.0"
nest-asyncio = "*"
traitlets = ">=4.2"

[package.extras]
dev = ["codecov", "coverage", "ipython", "ipykernel", "ipywidgets", "pytest (>=4.1)", "pytest-cov (>=2.6.1)", "check-manifest", "flake8", "mypy", "tox", "bumpversion", "xmltodict", "pip (>=18.1)", "wheel (>=0.31.0)", "setuptools (>=38.6.0)", "twine (>=1.11.0)", "black"]
sphinx = ["Sphinx (>=1.7)", "sphinx-book-theme", "mock", "moto", "myst-parser"]
test = ["codecov", "coverage", "ipython", "ipykernel", "ipywidgets", "pytest (>=4.1)", "pytest-cov (>=2.6.1)", "check-manifest", "flake8", "mypy", "tox", "bumpversion", "xmltodict", "pip (>=18.1)", "wheel (>=0.31.0)", "setuptools (>=38.6.0)", "twine (>=1.11.0)", "black"]

[[package]]
name = "nbconvert"
version = "6.0.7"
description = "Converting Jupyter Notebooks"
category = "dev"
optional = false
python-versions = ">=3.6"

[package.dependencies]
bleach = "*"
defusedxml = "*"
entrypoints = ">=0.2.2"
jinja2 = ">=2.4"
jupyter-core = "*"
jupyterlab-pygments = "*"
mistune = ">=0.8.1,<2"
nbclient = ">=0.5.0,<0.6.0"
nbformat = ">=4.4"
pandocfilters = ">=1.4.1"
pygments = ">=2.4.1"
testpath = "*"
traitlets = ">=4.2"

[package.extras]
all = ["pytest", "pytest-cov", "pytest-dependency", "ipykernel", "ipywidgets (>=7)", "pyppeteer (==0.2.2)", "tornado (>=4.0)", "sphinx (>=1.5.1)", "sphinx-rtd-theme", "nbsphinx (>=0.2.12)", "ipython"]
docs = ["sphinx (>=1.5.1)", "sphinx-rtd-theme", "nbsphinx (>=0.2.12)", "ipython"]
serve = ["tornado (>=4.0)"]
test = ["pytest", "pytest-cov", "pytest-dependency", "ipykernel", "ipywidgets (>=7)", "pyppeteer (==0.2.2)"]
webpdf = ["pyppeteer (==0.2.2)"]

[[package]]
name = "nbdime"
version = "2.1.0"
description = "Diff and merge of Jupyter Notebooks"
category = "dev"
optional = false
python-versions = ">=3.6"

[package.dependencies]
colorama = "*"
GitPython = "<2.1.4 || >2.1.4,<2.1.5 || >2.1.5,<2.1.6 || >2.1.6"
jinja2 = ">=2.9"
nbformat = "*"
notebook = "*"
pygments = "*"
requests = "*"
six = "*"
tornado = "*"

[package.extras]
docs = ["sphinx", "recommonmark", "sphinx-rtd-theme"]
test = ["pytest (>=3.6)", "pytest-cov", "pytest-timeout", "pytest-tornado", "jsonschema", "mock", "requests", "tabulate"]

[[package]]
name = "nbformat"
version = "5.1.2"
description = "The Jupyter Notebook format"
category = "dev"
optional = false
python-versions = ">=3.5"

[package.dependencies]
ipython-genutils = "*"
jsonschema = ">=2.4,<2.5.0 || >2.5.0"
jupyter-core = "*"
traitlets = ">=4.1"

[package.extras]
fast = ["fastjsonschema"]
test = ["check-manifest", "fastjsonschema", "testpath", "pytest", "pytest-cov"]

[[package]]
name = "nbqa"
version = "0.5.7"
description = "Run any standard Python code quality tool on a Jupyter Notebook"
category = "main"
optional = false
python-versions = ">=3.6.1"

[package.dependencies]
ipython = ">=7.8.0"
toml = "*"

[package.extras]
toolchain = ["black", "flake8", "isort", "mypy", "pylint", "pyupgrade"]

[[package]]
name = "nest-asyncio"
version = "1.5.1"
description = "Patch asyncio to allow nested event loops"
category = "dev"
optional = false
python-versions = ">=3.5"

[[package]]
name = "networkx"
version = "2.5"
description = "Python package for creating and manipulating graphs and networks"
category = "main"
optional = false
python-versions = ">=3.6"

[package.dependencies]
decorator = ">=4.3.0"

[package.extras]
all = ["numpy", "scipy", "pandas", "matplotlib", "pygraphviz", "pydot", "pyyaml", "lxml", "pytest"]
gdal = ["gdal"]
lxml = ["lxml"]
matplotlib = ["matplotlib"]
numpy = ["numpy"]
pandas = ["pandas"]
pydot = ["pydot"]
pygraphviz = ["pygraphviz"]
pytest = ["pytest"]
pyyaml = ["pyyaml"]
scipy = ["scipy"]

[[package]]
name = "notebook"
version = "6.2.0"
description = "A web-based notebook environment for interactive computing"
category = "dev"
optional = false
python-versions = ">=3.5"

[package.dependencies]
argon2-cffi = "*"
ipykernel = "*"
ipython-genutils = "*"
jinja2 = "*"
jupyter-client = ">=5.3.4"
jupyter-core = ">=4.6.1"
nbconvert = "*"
nbformat = "*"
prometheus-client = "*"
pyzmq = ">=17"
Send2Trash = ">=1.5.0"
terminado = ">=0.8.3"
tornado = ">=6.1"
traitlets = ">=4.2.1"

[package.extras]
docs = ["sphinx", "nbsphinx", "sphinxcontrib-github-alt", "sphinx-rtd-theme"]
json-logging = ["json-logging"]
test = ["pytest", "coverage", "requests", "nbval", "selenium", "pytest-cov", "requests-unixsocket"]

[[package]]
name = "numba"
version = "0.51.2"
description = "compiling Python code using LLVM"
category = "main"
optional = false
python-versions = ">=3.6"

[package.dependencies]
llvmlite = ">=0.34.0.dev0,<0.35"
numpy = ">=1.15"

[[package]]
name = "numexpr"
version = "2.7.2"
description = "Fast numerical expression evaluator for NumPy"
category = "main"
optional = false
python-versions = "*"

[package.dependencies]
numpy = ">=1.7"

[[package]]
name = "numpy"
version = "1.23.1"
description = "NumPy is the fundamental package for array computing with Python."
category = "main"
optional = false
python-versions = ">=3.8"

[[package]]
name = "packaging"
version = "20.9"
description = "Core utilities for Python packages"
category = "dev"
optional = false
python-versions = ">=2.7, !=3.0.*, !=3.1.*, !=3.2.*, !=3.3.*"

[package.dependencies]
pyparsing = ">=2.0.2"

[[package]]
name = "pandas"
version = "1.2.2"
description = "Powerful data structures for data analysis, time series, and statistics"
category = "main"
optional = false
python-versions = ">=3.7.1"

[package.dependencies]
numpy = ">=1.16.5"
python-dateutil = ">=2.7.3"
pytz = ">=2017.3"

[package.extras]
test = ["pytest (>=5.0.1)", "pytest-xdist", "hypothesis (>=3.58)"]

[[package]]
name = "pandocfilters"
version = "1.4.3"
description = "Utilities for writing pandoc filters in python"
category = "dev"
optional = false
python-versions = ">=2.7, !=3.0.*, !=3.1.*, !=3.2.*, !=3.3.*"

[[package]]
name = "parso"
version = "0.7.1"
description = "A Python Parser"
category = "main"
optional = false
python-versions = ">=2.7, !=3.0.*, !=3.1.*, !=3.2.*, !=3.3.*"

[package.extras]
testing = ["docopt", "pytest (>=3.0.7)"]

[[package]]
name = "pathspec"
version = "0.8.1"
description = "Utility library for gitignore style pattern matching of file paths."
category = "dev"
optional = false
python-versions = ">=2.7, !=3.0.*, !=3.1.*, !=3.2.*, !=3.3.*, !=3.4.*"

[[package]]
name = "pexpect"
version = "4.8.0"
description = "Pexpect allows easy control of interactive console applications."
category = "main"
optional = false
python-versions = "*"

[package.dependencies]
ptyprocess = ">=0.5"

[[package]]
name = "pickleshare"
version = "0.7.5"
description = "Tiny 'shelve'-like database with concurrency support"
category = "main"
optional = false
python-versions = "*"

[[package]]
name = "pillow"
version = "8.1.0"
description = "Python Imaging Library (Fork)"
category = "main"
optional = false
python-versions = ">=3.6"

[[package]]
name = "plotly"
version = "4.14.3"
description = "An open-source, interactive data visualization library for Python"
category = "main"
optional = false
python-versions = "*"

[package.dependencies]
retrying = ">=1.3.3"
six = "*"

[[package]]
name = "pluggy"
version = "0.13.1"
description = "plugin and hook calling mechanisms for python"
category = "dev"
optional = false
python-versions = ">=2.7, !=3.0.*, !=3.1.*, !=3.2.*, !=3.3.*"

[package.extras]
dev = ["pre-commit", "tox"]

[[package]]
name = "prometheus-client"
version = "0.9.0"
description = "Python client for the Prometheus monitoring system."
category = "dev"
optional = false
python-versions = "*"

[package.extras]
twisted = ["twisted"]

[[package]]
name = "prompt-toolkit"
version = "3.0.14"
description = "Library for building powerful interactive command lines in Python"
category = "main"
optional = false
python-versions = ">=3.6.1"

[package.dependencies]
wcwidth = "*"

[[package]]
name = "ptyprocess"
version = "0.7.0"
description = "Run a subprocess in a pseudo terminal"
category = "main"
optional = false
python-versions = "*"

[[package]]
name = "py"
version = "1.10.0"
description = "library with cross-python path, ini-parsing, io, code, log facilities"
category = "dev"
optional = false
python-versions = ">=2.7, !=3.0.*, !=3.1.*, !=3.2.*, !=3.3.*"

[[package]]
name = "pycparser"
version = "2.20"
description = "C parser in Python"
category = "dev"
optional = false
python-versions = ">=2.7, !=3.0.*, !=3.1.*, !=3.2.*, !=3.3.*"

[[package]]
name = "pyflakes"
version = "2.2.0"
description = "passive checker of Python programs"
category = "dev"
optional = false
python-versions = ">=2.7, !=3.0.*, !=3.1.*, !=3.2.*, !=3.3.*"

[[package]]
name = "pygments"
version = "2.7.4"
description = "Pygments is a syntax highlighting package written in Python."
category = "main"
optional = false
python-versions = ">=3.5"

[[package]]
name = "pyparsing"
version = "2.4.7"
description = "Python parsing module"
category = "main"
optional = false
python-versions = ">=2.6, !=3.0.*, !=3.1.*, !=3.2.*"

[[package]]
name = "pyrsistent"
version = "0.17.3"
description = "Persistent/Functional/Immutable data structures"
category = "dev"
optional = false
python-versions = ">=3.5"

[[package]]
name = "pytest"
version = "6.2.2"
description = "pytest: simple powerful testing with Python"
category = "dev"
optional = false
python-versions = ">=3.6"

[package.dependencies]
atomicwrites = {version = ">=1.0", markers = "sys_platform == \"win32\""}
attrs = ">=19.2.0"
colorama = {version = "*", markers = "sys_platform == \"win32\""}
iniconfig = "*"
packaging = "*"
pluggy = ">=0.12,<1.0.0a1"
py = ">=1.8.2"
toml = "*"

[package.extras]
testing = ["argcomplete", "hypothesis (>=3.56)", "mock", "nose", "requests", "xmlschema"]

[[package]]
name = "pytest-cov"
version = "2.11.1"
description = "Pytest plugin for measuring coverage."
category = "dev"
optional = false
python-versions = ">=2.7, !=3.0.*, !=3.1.*, !=3.2.*, !=3.3.*, !=3.4.*"

[package.dependencies]
coverage = ">=5.2.1"
pytest = ">=4.6"

[package.extras]
testing = ["fields", "hunter", "process-tests (==2.0.2)", "six", "pytest-xdist", "virtualenv"]

[[package]]
name = "pytest-flakes"
version = "4.0.3"
description = "pytest plugin to check source code with pyflakes"
category = "dev"
optional = false
python-versions = ">=3.5"

[package.dependencies]
pyflakes = "*"
pytest = ">=5"

[[package]]
name = "python-dateutil"
version = "2.8.1"
description = "Extensions to the standard Python datetime module"
category = "main"
optional = false
python-versions = "!=3.0.*,!=3.1.*,!=3.2.*,>=2.7"

[package.dependencies]
six = ">=1.5"

[[package]]
name = "pytz"
version = "2021.1"
description = "World timezone definitions, modern and historical"
category = "main"
optional = false
python-versions = "*"

[[package]]
name = "pywavelets"
version = "1.1.1"
description = "PyWavelets, wavelet transform module"
category = "main"
optional = false
python-versions = ">=3.5"

[package.dependencies]
numpy = ">=1.13.3"

[[package]]
name = "pywin32"
version = "300"
description = "Python for Window Extensions"
category = "dev"
optional = false
python-versions = "*"

[[package]]
name = "pywinpty"
version = "0.5.7"
description = "Python bindings for the winpty library"
category = "dev"
optional = false
python-versions = "*"

[[package]]
name = "pyyaml"
version = "5.4.1"
description = "YAML parser and emitter for Python"
category = "main"
optional = false
python-versions = ">=2.7, !=3.0.*, !=3.1.*, !=3.2.*, !=3.3.*, !=3.4.*, !=3.5.*"

[[package]]
name = "pyzmq"
version = "22.0.2"
description = "Python bindings for 0MQ"
category = "dev"
optional = false
python-versions = ">=3.6"

[package.dependencies]
cffi = {version = "*", markers = "implementation_name == \"pypy\""}
py = {version = "*", markers = "implementation_name == \"pypy\""}

[[package]]
name = "regex"
version = "2020.11.13"
description = "Alternative regular expression module, to replace re."
category = "dev"
optional = false
python-versions = "*"

[[package]]
name = "requests"
version = "2.25.1"
description = "Python HTTP for Humans."
category = "main"
optional = false
python-versions = ">=2.7, !=3.0.*, !=3.1.*, !=3.2.*, !=3.3.*, !=3.4.*"

[package.dependencies]
certifi = ">=2017.4.17"
chardet = ">=3.0.2,<5"
idna = ">=2.5,<3"
urllib3 = ">=1.21.1,<1.27"

[package.extras]
security = ["pyOpenSSL (>=0.14)", "cryptography (>=1.3.4)"]
socks = ["PySocks (>=1.5.6,!=1.5.7)", "win-inet-pton"]

[[package]]
name = "retrying"
version = "1.3.3"
description = "Retrying"
category = "main"
optional = false
python-versions = "*"

[package.dependencies]
six = ">=1.7.0"

[[package]]
name = "scikit-image"
version = "0.17.2"
description = "Image processing in Python"
category = "main"
optional = false
python-versions = ">=3.6"

[package.dependencies]
imageio = ">=2.3.0"
matplotlib = ">=2.0.0,<3.0.0 || >3.0.0"
networkx = ">=2.0"
numpy = ">=1.15.1"
pillow = ">=4.3.0,<7.1.0 || >7.1.0,<7.1.1 || >7.1.1"
PyWavelets = ">=1.1.1"
scipy = ">=1.0.1"
tifffile = ">=2019.7.26"

[package.extras]
docs = ["sphinx (>=1.8,<=2.4.4)", "numpydoc (>=0.9)", "sphinx-gallery (>=0.3.1)", "sphinx-copybutton", "pytest-runner", "scikit-learn", "matplotlib (>=3.0.1)", "dask[array] (>=0.15.0)", "cloudpickle (>=0.2.1)", "pandas (>=0.23.0)", "seaborn (>=0.7.1)", "pooch (>=0.5.2)"]
optional = ["simpleitk", "astropy (>=1.2.0)", "qtpy", "pyamg", "dask[array] (>=0.15.0)", "cloudpickle (>=0.2.1)", "pooch (>=0.5.2)"]
test = ["pytest (!=3.7.3)", "pytest-cov", "pytest-localserver", "flake8", "codecov"]

[[package]]
name = "scikit-learn"
version = "0.23.2"
description = "A set of python modules for machine learning and data mining"
category = "main"
optional = false
python-versions = ">=3.6"

[package.dependencies]
joblib = ">=0.11"
numpy = ">=1.13.3"
scipy = ">=0.19.1"
threadpoolctl = ">=2.0.0"

[package.extras]
alldeps = ["numpy (>=1.13.3)", "scipy (>=0.19.1)"]

[[package]]
name = "scipy"
version = "1.6.0"
description = "SciPy: Scientific Library for Python"
category = "main"
optional = false
python-versions = ">=3.7"

[package.dependencies]
numpy = ">=1.16.5"

[[package]]
name = "seaborn"
version = "0.11.1"
description = "seaborn: statistical data visualization"
category = "main"
optional = false
python-versions = ">=3.6"

[package.dependencies]
matplotlib = ">=2.2"
numpy = ">=1.15"
pandas = ">=0.23"
scipy = ">=1.0"

[[package]]
name = "send2trash"
version = "1.5.0"
description = "Send file to trash natively under Mac OS X, Windows and Linux."
category = "dev"
optional = false
python-versions = "*"

[[package]]
name = "six"
version = "1.15.0"
description = "Python 2 and 3 compatibility utilities"
category = "main"
optional = false
python-versions = ">=2.7, !=3.0.*, !=3.1.*, !=3.2.*"

[[package]]
name = "smmap"
version = "3.0.5"
description = "A pure Python implementation of a sliding window memory map manager"
category = "dev"
optional = false
python-versions = ">=2.7, !=3.0.*, !=3.1.*, !=3.2.*, !=3.3.*"

[[package]]
name = "sortedcollections"
version = "2.1.0"
description = "Python Sorted Collections"
category = "main"
optional = false
python-versions = "*"

[package.dependencies]
sortedcontainers = "*"

[[package]]
name = "sortedcontainers"
version = "2.3.0"
description = "Sorted Containers -- Sorted List, Sorted Dict, Sorted Set"
category = "main"
optional = false
python-versions = "*"

[[package]]
name = "sqlalchemy"
version = "1.3.23"
description = "Database Abstraction Library"
category = "main"
optional = false
python-versions = ">=2.7, !=3.0.*, !=3.1.*, !=3.2.*, !=3.3.*"

[package.extras]
mssql = ["pyodbc"]
mssql_pymssql = ["pymssql"]
mssql_pyodbc = ["pyodbc"]
mysql = ["mysqlclient"]
oracle = ["cx-oracle"]
postgresql = ["psycopg2"]
postgresql_pg8000 = ["pg8000 (<1.16.6)"]
postgresql_psycopg2binary = ["psycopg2-binary"]
postgresql_psycopg2cffi = ["psycopg2cffi"]
pymysql = ["pymysql (<1)", "pymysql"]

[[package]]
name = "tables"
version = "3.6.1"
description = "Hierarchical datasets for Python"
category = "main"
optional = false
python-versions = ">=3.5"

[package.dependencies]
numexpr = ">=2.6.2"
numpy = ">=1.9.3"

[[package]]
name = "terminado"
version = "0.9.2"
description = "Tornado websocket backend for the Xterm.js Javascript terminal emulator library."
category = "dev"
optional = false
python-versions = ">=3.6"

[package.dependencies]
ptyprocess = {version = "*", markers = "os_name != \"nt\""}
pywinpty = {version = ">=0.5", markers = "os_name == \"nt\""}
tornado = ">=4"

[[package]]
name = "testpath"
version = "0.4.4"
description = "Test utilities for code working with files and commands"
category = "dev"
optional = false
python-versions = "*"

[package.extras]
test = ["pathlib2"]

[[package]]
name = "threadpoolctl"
version = "2.1.0"
description = "threadpoolctl"
category = "main"
optional = false
python-versions = ">=3.5"

[[package]]
name = "tifffile"
version = "2021.2.1"
description = "Read and write TIFF(r) files"
category = "main"
optional = false
python-versions = ">=3.7"

[package.dependencies]
numpy = ">=1.15.1"

[package.extras]
all = ["imagecodecs (>=2021.1.11)", "matplotlib (>=3.2)", "lxml"]

[[package]]
name = "toml"
version = "0.10.2"
description = "Python Library for Tom's Obvious, Minimal Language"
category = "main"
optional = false
python-versions = ">=2.6, !=3.0.*, !=3.1.*, !=3.2.*"

[[package]]
name = "tornado"
version = "6.1"
description = "Tornado is a Python web framework and asynchronous networking library, originally developed at FriendFeed."
category = "dev"
optional = false
python-versions = ">= 3.5"

[[package]]
name = "tqdm"
version = "4.56.1"
description = "Fast, Extensible Progress Meter"
category = "main"
optional = false
python-versions = "!=3.0.*,!=3.1.*,!=3.2.*,!=3.3.*,>=2.7"

[package.extras]
dev = ["py-make (>=0.1.0)", "twine", "wheel"]
telegram = ["requests"]

[[package]]
name = "traitlets"
version = "5.0.5"
description = "Traitlets Python configuration system"
category = "main"
optional = false
python-versions = ">=3.7"

[package.dependencies]
ipython-genutils = "*"

[package.extras]
test = ["pytest"]

[[package]]
name = "typed-ast"
version = "1.4.2"
description = "a fork of Python 2 and 3 ast modules with type comment support"
category = "dev"
optional = false
python-versions = "*"

[[package]]
name = "typing-extensions"
version = "3.7.4.3"
description = "Backported and Experimental Type Hints for Python 3.5+"
category = "dev"
optional = false
python-versions = "*"

[[package]]
name = "urllib3"
version = "1.26.3"
description = "HTTP library with thread-safe connection pooling, file post, and more."
category = "main"
optional = false
python-versions = ">=2.7, !=3.0.*, !=3.1.*, !=3.2.*, !=3.3.*, !=3.4.*, <4"

[package.extras]
brotli = ["brotlipy (>=0.6.0)"]
secure = ["pyOpenSSL (>=0.14)", "cryptography (>=1.3.4)", "idna (>=2.0.0)", "certifi", "ipaddress"]
socks = ["PySocks (>=1.5.6,!=1.5.7,<2.0)"]

[[package]]
name = "wcwidth"
version = "0.2.5"
description = "Measures the displayed width of unicode strings in a terminal"
category = "main"
optional = false
python-versions = "*"

[[package]]
name = "webencodings"
version = "0.5.1"
description = "Character encoding aliases for legacy web content"
category = "dev"
optional = false
python-versions = "*"

[[package]]
name = "widgetsnbextension"
version = "3.5.1"
description = "IPython HTML widgets for Jupyter"
category = "dev"
optional = false
python-versions = "*"

[package.dependencies]
notebook = ">=4.4.1"

[[package]]
name = "xarray"
version = "0.16.2"
description = "N-D labeled arrays and datasets in Python"
category = "main"
optional = false
python-versions = ">=3.6"

[package.dependencies]
numpy = ">=1.15"
pandas = ">=0.25"

[package.extras]
accel = ["scipy", "bottleneck", "numbagg"]
complete = ["netcdf4", "h5netcdf", "scipy", "pydap", "zarr", "fsspec", "cftime", "rasterio", "cfgrib", "bottleneck", "numbagg", "dask", "matplotlib", "seaborn", "nc-time-axis"]
docs = ["netcdf4", "h5netcdf", "scipy", "pydap", "zarr", "fsspec", "cftime", "rasterio", "cfgrib", "bottleneck", "numbagg", "dask", "matplotlib", "seaborn", "nc-time-axis", "sphinx-autosummary-accessors", "sphinx-rtd-theme", "ipython", "ipykernel", "jupyter-client", "nbsphinx", "scanpydoc"]
io = ["netcdf4", "h5netcdf", "scipy", "pydap", "zarr", "fsspec", "cftime", "rasterio", "cfgrib"]
parallel = ["dask"]
viz = ["matplotlib", "seaborn", "nc-time-axis"]

[[package]]
name = "xyzpy"
version = "1.0.0"
description = "Easily generate large parameter space data"
category = "main"
optional = false
python-versions = ">=3.5"

[package.dependencies]
dask = ">=0.11.1"
h5netcdf = ">=0.2.2"
h5py = ">=2.6.0"
joblib = ">=0.12"
numpy = ">=1.10.0"
pandas = ">=0.20"
tqdm = ">=4.7.6"
xarray = ">=0.9.0"

[package.extras]
docs = ["matplotlib", "bokeh", "sphinx", "pydata-sphinx-theme", "nbsphinx", "ipython"]
plotting = ["matplotlib", "bokeh"]
tests = ["coverage", "pytest", "pytest-cov"]

[metadata]
lock-version = "1.1"
python-versions = "^3.8"
content-hash = "e28690868277e2ebf0349e4359a19dc29e34234a963c4ff3a23941d8049d6a40"

[metadata.files]
adaptive = []
appdirs = []
appnope = []
argon2-cffi = []
async-generator = []
atomicwrites = []
attrs = []
backcall = []
black = []
bleach = []
certifi = []
cffi = []
chardet = []
click = []
colorama = []
coverage = []
cycler = []
dask = []
decorator = []
deepdish = []
defusedxml = []
entrypoints = []
gitdb = []
gitpython = []
h5netcdf = []
h5py = []
idna = []
imageio = []
iniconfig = []
ipykernel = []
ipython = []
ipython-genutils = []
ipywidgets = []
jedi = []
jinja2 = []
joblib = []
json5 = []
jsonschema = []
jupyter-client = []
jupyter-core = []
jupyterlab = []
jupyterlab-pygments = []
jupyterlab-server = []
jupyterlab-widgets = []
kiwisolver = []
line-profiler = []
llvmlite = []
markupsafe = []
matplotlib = []
mistune = []
mypy-extensions = []
nbclient = []
nbconvert = []
nbdime = []
nbformat = []
nbqa = []
nest-asyncio = []
networkx = []
notebook = []
numba = []
numexpr = []
numpy = []
packaging = []
pandas = []
pandocfilters = []
parso = []
pathspec = []
pexpect = []
pickleshare = []
pillow = []
plotly = []
pluggy = []
prometheus-client = []
prompt-toolkit = []
ptyprocess = []
py = []
pycparser = []
pyflakes = []
pygments = []
pyparsing = []
pyrsistent = []
pytest = []
pytest-cov = []
pytest-flakes = []
python-dateutil = []
pytz = []
pywavelets = []
pywin32 = []
pywinpty = []
pyyaml = []
pyzmq = []
regex = []
requests = []
retrying = []
scikit-image = []
scikit-learn = []
scipy = []
seaborn = []
send2trash = []
six = []
smmap = []
sortedcollections = []
sortedcontainers = []
sqlalchemy = []
tables = []
terminado = []
testpath = []
threadpoolctl = []
tifffile = []
toml = []
tornado = []
tqdm = []
traitlets = []
typed-ast = []
typing-extensions = []
urllib3 = []
wcwidth = []
webencodings = []
widgetsnbextension = []
xarray = []
xyzpy = []
